{
    "_meta": {
        "hash": {
            "sha256": "a2cb452c450c127f45364b902e3e42e42ab75755ec90f15ff62290f87aa6daa3"
        },
        "pipfile-spec": 6,
        "requires": {
            "python_version": "3.8"
        },
        "sources": [
            {
                "name": "pypi",
                "url": "https://pypi.python.org/simple",
                "verify_ssl": true
            }
        ]
    },
    "default": {
        "plotly": {
            "hashes": [
                "sha256:0e6e2382aafe2b2978d2c1b10ea93e73ad1ec80fa9a195ff6eea62af7905dfdc",
                "sha256:58cef3292f5994d82154d51fbc7338c48009fc47ea32ffe052ad29aaa15e0df9"
            ],
            "index": "pypi",
            "version": "==5.8.0"
        },
        "tenacity": {
            "hashes": [
                "sha256:43242a20e3e73291a28bcbcacfd6e000b02d3857a9a9fff56b297a27afdc932f",
                "sha256:f78f4ea81b0fabc06728c11dc2a8c01277bfc5181b321a4770471902e3eb844a"
            ],
            "version": "==8.0.1"
        }
    },
    "develop": {}
}
